
Microsoft Visual Studio Solution File, Format Version 12.00
# Visual Studio Version 17
VisualStudioVersion = 17.11.35222.181
MinimumVisualStudioVersion = 10.0.40219.1
Project("{FAE04EC0-301F-11D3-BF4B-00C04F79EFBC}") = "KoiFarmShop.API", "KoiFarmShop.API\KoiFarmShop.API.csproj", "{D02437B3-1D32-48E6-8FD4-24C0B41A20EA}"
EndProject
Project("{FAE04EC0-301F-11D3-BF4B-00C04F79EFBC}") = "KoiFarmShop.Application", "KoiFarmShop.Application\KoiFarmShop.Application.csproj", "{A89479A7-A6B9-46F0-8FFA-517B2B39DE4D}"
EndProject
Project("{FAE04EC0-301F-11D3-BF4B-00C04F79EFBC}") = "KoiFarmShop.Domain", "KoiFarmShop.Domain\KoiFarmShop.Domain.csproj", "{47EA46C3-81A8-4842-9A80-F680DDBE84CD}"
EndProject
Project("{FAE04EC0-301F-11D3-BF4B-00C04F79EFBC}") = "KoiFarmShop.Infrastructure", "KoiFarmShop.Infrastructure\KoiFarmShop.Infrastructure.csproj", "{79AB9987-45CB-4102-BA41-31EAF519C215}"
EndProject
Global
	GlobalSection(SolutionConfigurationPlatforms) = preSolution
		Debug|Any CPU = Debug|Any CPU
		Release|Any CPU = Release|Any CPU
	EndGlobalSection
	GlobalSection(ProjectConfigurationPlatforms) = postSolution
		{D02437B3-1D32-48E6-8FD4-24C0B41A20EA}.Debug|Any CPU.ActiveCfg = Debug|Any CPU
		{D02437B3-1D32-48E6-8FD4-24C0B41A20EA}.Debug|Any CPU.Build.0 = Debug|Any CPU
		{D02437B3-1D32-48E6-8FD4-24C0B41A20EA}.Release|Any CPU.ActiveCfg = Release|Any CPU
		{D02437B3-1D32-48E6-8FD4-24C0B41A20EA}.Release|Any CPU.Build.0 = Release|Any CPU
		{A89479A7-A6B9-46F0-8FFA-517B2B39DE4D}.Debug|Any CPU.ActiveCfg = Debug|Any CPU
		{A89479A7-A6B9-46F0-8FFA-517B2B39DE4D}.Debug|Any CPU.Build.0 = Debug|Any CPU
		{A89479A7-A6B9-46F0-8FFA-517B2B39DE4D}.Release|Any CPU.ActiveCfg = Release|Any CPU
		{A89479A7-A6B9-46F0-8FFA-517B2B39DE4D}.Release|Any CPU.Build.0 = Release|Any CPU
		{47EA46C3-81A8-4842-9A80-F680DDBE84CD}.Debug|Any CPU.ActiveCfg = Debug|Any CPU
		{47EA46C3-81A8-4842-9A80-F680DDBE84CD}.Debug|Any CPU.Build.0 = Debug|Any CPU
		{47EA46C3-81A8-4842-9A80-F680DDBE84CD}.Release|Any CPU.ActiveCfg = Release|Any CPU
		{47EA46C3-81A8-4842-9A80-F680DDBE84CD}.Release|Any CPU.Build.0 = Release|Any CPU
		{79AB9987-45CB-4102-BA41-31EAF519C215}.Debug|Any CPU.ActiveCfg = Debug|Any CPU
		{79AB9987-45CB-4102-BA41-31EAF519C215}.Debug|Any CPU.Build.0 = Debug|Any CPU
		{79AB9987-45CB-4102-BA41-31EAF519C215}.Release|Any CPU.ActiveCfg = Release|Any CPU
		{79AB9987-45CB-4102-BA41-31EAF519C215}.Release|Any CPU.Build.0 = Release|Any CPU
	EndGlobalSection
	GlobalSection(SolutionProperties) = preSolution
		HideSolutionNode = FALSE
	EndGlobalSection
	GlobalSection(ExtensibilityGlobals) = postSolution
		SolutionGuid = {16F875F5-EBE1-4529-B985-1B343B9C975C}
	EndGlobalSection
EndGlobal
